{
  "name": "@alumis/observables",
  "version": "2.0.13",
  "lockfileVersion": 1,
  "requires": true,
  "dependencies": {
    "@alumis/utils": {
      "version": "2.0.1",
      "resolved": "https://registry.npmjs.org/@alumis/utils/-/utils-2.0.1.tgz",
      "integrity": "sha512-pL97rZHhHmv23KIlt34Ap0Bg8WVE7gMAHINaJ5LodYFW/cNHPiLpkgYl1N85HBLi3mnJX9QXmb2ziRyx7HyWnA==",
      "dev": true
    }
  }
}
