{
  "name": "@alumis/observables",
  "version": "1.0.52",
  "lockfileVersion": 1,
  "requires": true,
  "dependencies": {
    "@alumis/utils": {
      "version": "1.0.15",
      "resolved": "https://registry.npmjs.org/@alumis/utils/-/utils-1.0.15.tgz",
      "integrity": "sha512-RTgHXk5px1gKlRrsxSrp87t2M6qQFoKWi4i27lyHkluRqOBjaMZI53VVIOhZIJlabaaBrYzuboLRpLqMxlAndA==",
      "dev": true
    }
  }
}
